
Microsoft Visual Studio Solution File, Format Version 12.00
Project("{FAE04EC0-301F-11D3-BF4B-00C04F79EFBC}") = "MapApplication", "MapApplication\MapApplication.csproj", "{26D82A01-E5E2-4E65-8820-E0C29794352E}"
EndProject
Global
	GlobalSection(SolutionConfigurationPlatforms) = preSolution
		Debug|Any CPU = Debug|Any CPU
		Release|Any CPU = Release|Any CPU
	EndGlobalSection
	GlobalSection(ProjectConfigurationPlatforms) = postSolution
		{26D82A01-E5E2-4E65-8820-E0C29794352E}.Debug|Any CPU.ActiveCfg = Debug|Any CPU
		{26D82A01-E5E2-4E65-8820-E0C29794352E}.Debug|Any CPU.Build.0 = Debug|Any CPU
		{26D82A01-E5E2-4E65-8820-E0C29794352E}.Release|Any CPU.ActiveCfg = Release|Any CPU
		{26D82A01-E5E2-4E65-8820-E0C29794352E}.Release|Any CPU.Build.0 = Release|Any CPU
	EndGlobalSection
EndGlobal
